
Microsoft Visual Studio Solution File, Format Version 12.00
Project("{FAE04EC0-301F-11D3-BF4B-00C04F79EFBC}") = "MasterMind", "MasterMind\MasterMind.csproj", "{DD775E81-2462-4241-97D9-89A197DB8C00}"
EndProject
Project("{FAE04EC0-301F-11D3-BF4B-00C04F79EFBC}") = "MasterMindLibrary", "MasterMindLibrary\MasterMindLibrary.csproj", "{CAF0EAC8-47AC-4E77-9463-4F0E0921BED0}"
EndProject
Global
	GlobalSection(SolutionConfigurationPlatforms) = preSolution
		Debug|Any CPU = Debug|Any CPU
		Release|Any CPU = Release|Any CPU
	EndGlobalSection
	GlobalSection(ProjectConfigurationPlatforms) = postSolution
		{DD775E81-2462-4241-97D9-89A197DB8C00}.Debug|Any CPU.ActiveCfg = Debug|Any CPU
		{DD775E81-2462-4241-97D9-89A197DB8C00}.Debug|Any CPU.Build.0 = Debug|Any CPU
		{DD775E81-2462-4241-97D9-89A197DB8C00}.Release|Any CPU.ActiveCfg = Release|Any CPU
		{DD775E81-2462-4241-97D9-89A197DB8C00}.Release|Any CPU.Build.0 = Release|Any CPU
		{CAF0EAC8-47AC-4E77-9463-4F0E0921BED0}.Debug|Any CPU.ActiveCfg = Debug|Any CPU
		{CAF0EAC8-47AC-4E77-9463-4F0E0921BED0}.Debug|Any CPU.Build.0 = Debug|Any CPU
		{CAF0EAC8-47AC-4E77-9463-4F0E0921BED0}.Release|Any CPU.ActiveCfg = Release|Any CPU
		{CAF0EAC8-47AC-4E77-9463-4F0E0921BED0}.Release|Any CPU.Build.0 = Release|Any CPU
	EndGlobalSection
EndGlobal
